
Microsoft Visual Studio Solution File, Format Version 12.00
# Visual Studio Version 17
VisualStudioVersion = 17.3.32929.385
MinimumVisualStudioVersion = 10.0.40219.1
Project("{FAE04EC0-301F-11D3-BF4B-00C04F79EFBC}") = "Spotgen", "Spotgen.csproj", "{68B375AD-32BB-458D-BE3C-2DD1D8F67298}"
EndProject
Global
	GlobalSection(SolutionConfigurationPlatforms) = preSolution
		Debug|Any CPU = Debug|Any CPU
		Release|Any CPU = Release|Any CPU
	EndGlobalSection
	GlobalSection(ProjectConfigurationPlatforms) = postSolution
		{68B375AD-32BB-458D-BE3C-2DD1D8F67298}.Debug|Any CPU.ActiveCfg = Release|Any CPU
		{68B375AD-32BB-458D-BE3C-2DD1D8F67298}.Debug|Any CPU.Build.0 = Release|Any CPU
		{68B375AD-32BB-458D-BE3C-2DD1D8F67298}.Release|Any CPU.ActiveCfg = Release|Any CPU
		{68B375AD-32BB-458D-BE3C-2DD1D8F67298}.Release|Any CPU.Build.0 = Release|Any CPU
	EndGlobalSection
	GlobalSection(SolutionProperties) = preSolution
		HideSolutionNode = FALSE
	EndGlobalSection
	GlobalSection(ExtensibilityGlobals) = postSolution
		SolutionGuid = {F57BFC95-F87B-490B-BF5D-F27AAFD7BDEA}
	EndGlobalSection
EndGlobal
